
Microsoft Visual Studio Solution File, Format Version 12.00
# Visual Studio 15
VisualStudioVersion = 15.0.28010.2050
MinimumVisualStudioVersion = 10.0.40219.1
Project("{FAE04EC0-301F-11D3-BF4B-00C04F79EFBC}") = "AnalizatorLeksykalny", "AnalizatorLeksykalny\AnalizatorLeksykalny.csproj", "{57712056-A947-41F4-AF08-0C28DB38B883}"
EndProject
Global
	GlobalSection(SolutionConfigurationPlatforms) = preSolution
		Debug|Any CPU = Debug|Any CPU
		Release|Any CPU = Release|Any CPU
	EndGlobalSection
	GlobalSection(ProjectConfigurationPlatforms) = postSolution
		{57712056-A947-41F4-AF08-0C28DB38B883}.Debug|Any CPU.ActiveCfg = Debug|Any CPU
		{57712056-A947-41F4-AF08-0C28DB38B883}.Debug|Any CPU.Build.0 = Debug|Any CPU
		{57712056-A947-41F4-AF08-0C28DB38B883}.Release|Any CPU.ActiveCfg = Release|Any CPU
		{57712056-A947-41F4-AF08-0C28DB38B883}.Release|Any CPU.Build.0 = Release|Any CPU
	EndGlobalSection
	GlobalSection(SolutionProperties) = preSolution
		HideSolutionNode = FALSE
	EndGlobalSection
	GlobalSection(ExtensibilityGlobals) = postSolution
		SolutionGuid = {10250FA2-23A3-4AC4-9A5D-6B02A92F6B11}
	EndGlobalSection
EndGlobal
